
Microsoft Visual Studio Solution File, Format Version 12.00
# Visual Studio 14
VisualStudioVersion = 14.0.25420.1
MinimumVisualStudioVersion = 10.0.40219.1
Project("{FAE04EC0-301F-11D3-BF4B-00C04F79EFBC}") = "WsPruebaEmpleados", "WsPruebaEmpleados\WsPruebaEmpleados.csproj", "{C5CE7386-4F35-49A4-AE86-F1284FF31166}"
EndProject
Project("{54435603-DBB4-11D2-8724-00A0C9A8B90C}") = "SetupWsEmpleados", "SetupWsEmpleados\SetupWsEmpleados.vdproj", "{944AAB68-7962-4A18-A978-320D77861F10}"
EndProject
Global
	GlobalSection(SolutionConfigurationPlatforms) = preSolution
		Debug|Any CPU = Debug|Any CPU
		Release|Any CPU = Release|Any CPU
	EndGlobalSection
	GlobalSection(ProjectConfigurationPlatforms) = postSolution
		{C5CE7386-4F35-49A4-AE86-F1284FF31166}.Debug|Any CPU.ActiveCfg = Debug|Any CPU
		{C5CE7386-4F35-49A4-AE86-F1284FF31166}.Debug|Any CPU.Build.0 = Debug|Any CPU
		{C5CE7386-4F35-49A4-AE86-F1284FF31166}.Release|Any CPU.ActiveCfg = Release|Any CPU
		{C5CE7386-4F35-49A4-AE86-F1284FF31166}.Release|Any CPU.Build.0 = Release|Any CPU
		{944AAB68-7962-4A18-A978-320D77861F10}.Debug|Any CPU.ActiveCfg = Debug
		{944AAB68-7962-4A18-A978-320D77861F10}.Release|Any CPU.ActiveCfg = Release
	EndGlobalSection
	GlobalSection(SolutionProperties) = preSolution
		HideSolutionNode = FALSE
	EndGlobalSection
EndGlobal
